
Microsoft Visual Studio Solution File, Format Version 11.00
# Visual Studio 2010
Project("{FAE04EC0-301F-11D3-BF4B-00C04F79EFBC}") = "SharpSprint", "SharpSprint\SharpSprint.csproj", "{5E46DE0C-AA2A-4CFE-8E93-777144E5C83C}"
EndProject
Project("{FAE04EC0-301F-11D3-BF4B-00C04F79EFBC}") = "SprintTest", "SprintTest\SprintTest.csproj", "{48DB4FF2-3C6D-4164-88F0-A712E4B50EAC}"
EndProject
Project("{FAE04EC0-301F-11D3-BF4B-00C04F79EFBC}") = "SprintMap", "SprintMap\SprintMap.csproj", "{984645EC-042F-470E-B228-D297B7B5C608}"
EndProject
Project("{FAE04EC0-301F-11D3-BF4B-00C04F79EFBC}") = "SharpSprintPlot", "SharpSprintPlot\SharpSprintPlot.csproj", "{3F95705F-0D0D-4FA4-8EE6-FE51413CF3A8}"
EndProject
Project("{FAE04EC0-301F-11D3-BF4B-00C04F79EFBC}") = "SharpSprintControl", "SharpSprintControl\SharpSprintControl.csproj", "{25AFCDD2-C45C-42FE-A12E-597B875761A6}"
EndProject
Global
	GlobalSection(SolutionConfigurationPlatforms) = preSolution
		Debug|Any CPU = Debug|Any CPU
		Debug|Mixed Platforms = Debug|Mixed Platforms
		Debug|x86 = Debug|x86
		Release|Any CPU = Release|Any CPU
		Release|Mixed Platforms = Release|Mixed Platforms
		Release|x86 = Release|x86
	EndGlobalSection
	GlobalSection(ProjectConfigurationPlatforms) = postSolution
		{5E46DE0C-AA2A-4CFE-8E93-777144E5C83C}.Debug|Any CPU.ActiveCfg = Debug|Any CPU
		{5E46DE0C-AA2A-4CFE-8E93-777144E5C83C}.Debug|Any CPU.Build.0 = Debug|Any CPU
		{5E46DE0C-AA2A-4CFE-8E93-777144E5C83C}.Debug|Mixed Platforms.ActiveCfg = Debug|Any CPU
		{5E46DE0C-AA2A-4CFE-8E93-777144E5C83C}.Debug|Mixed Platforms.Build.0 = Debug|Any CPU
		{5E46DE0C-AA2A-4CFE-8E93-777144E5C83C}.Debug|x86.ActiveCfg = Debug|Any CPU
		{5E46DE0C-AA2A-4CFE-8E93-777144E5C83C}.Release|Any CPU.ActiveCfg = Release|Any CPU
		{5E46DE0C-AA2A-4CFE-8E93-777144E5C83C}.Release|Any CPU.Build.0 = Release|Any CPU
		{5E46DE0C-AA2A-4CFE-8E93-777144E5C83C}.Release|Mixed Platforms.ActiveCfg = Release|Any CPU
		{5E46DE0C-AA2A-4CFE-8E93-777144E5C83C}.Release|Mixed Platforms.Build.0 = Release|Any CPU
		{5E46DE0C-AA2A-4CFE-8E93-777144E5C83C}.Release|x86.ActiveCfg = Release|Any CPU
		{48DB4FF2-3C6D-4164-88F0-A712E4B50EAC}.Debug|Any CPU.ActiveCfg = Debug|x86
		{48DB4FF2-3C6D-4164-88F0-A712E4B50EAC}.Debug|Mixed Platforms.ActiveCfg = Debug|x86
		{48DB4FF2-3C6D-4164-88F0-A712E4B50EAC}.Debug|Mixed Platforms.Build.0 = Debug|x86
		{48DB4FF2-3C6D-4164-88F0-A712E4B50EAC}.Debug|x86.ActiveCfg = Debug|x86
		{48DB4FF2-3C6D-4164-88F0-A712E4B50EAC}.Debug|x86.Build.0 = Debug|x86
		{48DB4FF2-3C6D-4164-88F0-A712E4B50EAC}.Release|Any CPU.ActiveCfg = Release|x86
		{48DB4FF2-3C6D-4164-88F0-A712E4B50EAC}.Release|Mixed Platforms.ActiveCfg = Release|x86
		{48DB4FF2-3C6D-4164-88F0-A712E4B50EAC}.Release|Mixed Platforms.Build.0 = Release|x86
		{48DB4FF2-3C6D-4164-88F0-A712E4B50EAC}.Release|x86.ActiveCfg = Release|x86
		{48DB4FF2-3C6D-4164-88F0-A712E4B50EAC}.Release|x86.Build.0 = Release|x86
		{984645EC-042F-470E-B228-D297B7B5C608}.Debug|Any CPU.ActiveCfg = Debug|x86
		{984645EC-042F-470E-B228-D297B7B5C608}.Debug|Mixed Platforms.ActiveCfg = Debug|x86
		{984645EC-042F-470E-B228-D297B7B5C608}.Debug|Mixed Platforms.Build.0 = Debug|x86
		{984645EC-042F-470E-B228-D297B7B5C608}.Debug|x86.ActiveCfg = Debug|x86
		{984645EC-042F-470E-B228-D297B7B5C608}.Debug|x86.Build.0 = Debug|x86
		{984645EC-042F-470E-B228-D297B7B5C608}.Release|Any CPU.ActiveCfg = Release|x86
		{984645EC-042F-470E-B228-D297B7B5C608}.Release|Mixed Platforms.ActiveCfg = Release|x86
		{984645EC-042F-470E-B228-D297B7B5C608}.Release|Mixed Platforms.Build.0 = Release|x86
		{984645EC-042F-470E-B228-D297B7B5C608}.Release|x86.ActiveCfg = Release|x86
		{984645EC-042F-470E-B228-D297B7B5C608}.Release|x86.Build.0 = Release|x86
		{3F95705F-0D0D-4FA4-8EE6-FE51413CF3A8}.Debug|Any CPU.ActiveCfg = Debug|Any CPU
		{3F95705F-0D0D-4FA4-8EE6-FE51413CF3A8}.Debug|Any CPU.Build.0 = Debug|Any CPU
		{3F95705F-0D0D-4FA4-8EE6-FE51413CF3A8}.Debug|Mixed Platforms.ActiveCfg = Debug|Any CPU
		{3F95705F-0D0D-4FA4-8EE6-FE51413CF3A8}.Debug|Mixed Platforms.Build.0 = Debug|Any CPU
		{3F95705F-0D0D-4FA4-8EE6-FE51413CF3A8}.Debug|x86.ActiveCfg = Debug|Any CPU
		{3F95705F-0D0D-4FA4-8EE6-FE51413CF3A8}.Release|Any CPU.ActiveCfg = Release|Any CPU
		{3F95705F-0D0D-4FA4-8EE6-FE51413CF3A8}.Release|Any CPU.Build.0 = Release|Any CPU
		{3F95705F-0D0D-4FA4-8EE6-FE51413CF3A8}.Release|Mixed Platforms.ActiveCfg = Release|Any CPU
		{3F95705F-0D0D-4FA4-8EE6-FE51413CF3A8}.Release|Mixed Platforms.Build.0 = Release|Any CPU
		{3F95705F-0D0D-4FA4-8EE6-FE51413CF3A8}.Release|x86.ActiveCfg = Release|Any CPU
		{25AFCDD2-C45C-42FE-A12E-597B875761A6}.Debug|Any CPU.ActiveCfg = Debug|Any CPU
		{25AFCDD2-C45C-42FE-A12E-597B875761A6}.Debug|Any CPU.Build.0 = Debug|Any CPU
		{25AFCDD2-C45C-42FE-A12E-597B875761A6}.Debug|Mixed Platforms.ActiveCfg = Debug|Any CPU
		{25AFCDD2-C45C-42FE-A12E-597B875761A6}.Debug|Mixed Platforms.Build.0 = Debug|Any CPU
		{25AFCDD2-C45C-42FE-A12E-597B875761A6}.Debug|x86.ActiveCfg = Debug|Any CPU
		{25AFCDD2-C45C-42FE-A12E-597B875761A6}.Release|Any CPU.ActiveCfg = Release|Any CPU
		{25AFCDD2-C45C-42FE-A12E-597B875761A6}.Release|Any CPU.Build.0 = Release|Any CPU
		{25AFCDD2-C45C-42FE-A12E-597B875761A6}.Release|Mixed Platforms.ActiveCfg = Release|Any CPU
		{25AFCDD2-C45C-42FE-A12E-597B875761A6}.Release|Mixed Platforms.Build.0 = Release|Any CPU
		{25AFCDD2-C45C-42FE-A12E-597B875761A6}.Release|x86.ActiveCfg = Release|Any CPU
	EndGlobalSection
	GlobalSection(SolutionProperties) = preSolution
		HideSolutionNode = FALSE
	EndGlobalSection
EndGlobal
